// !$*UTF8*$!
{
	archiveVersion = 1;
	classes = {
	};
	objectVersion = 46;
	objects = {

/* Begin PBXBuildFile section */
		46087B6C1F0B65F800CFE550 /* main.cpp in Sources */ = {isa = PBXBuildFile; fileRef = 46087B6B1F0B65F800CFE550 /* main.cpp */; };
		46087B741F0B661C00CFE550 /* TStack.cpp in Sources */ = {isa = PBXBuildFile; fileRef = 46087B721F0B661C00CFE550 /* TStack.cpp */; };
/* End PBXBuildFile section */

/* Begin PBXCopyFilesBuildPhase section */
		46087B661F0B65F800CFE550 /* CopyFiles */ = {
			isa = PBXCopyFilesBuildPhase;
			buildActionMask = 2147483647;
			dstPath = /usr/share/man/man1/;
			dstSubfolderSpec = 0;
			files = (
			);
			runOnlyForDeploymentPostprocessing = 1;
		};
/* End PBXCopyFilesBuildPhase section */

/* Begin PBXFileReference section */
		46087B681F0B65F800CFE550 /* 002BasicClassTemplates */ = {isa = PBXFileReference; explicitFileType = "compiled.mach-o.executable"; includeInIndex = 0; path = 002BasicClassTemplates; sourceTree = BUILT_PRODUCTS_DIR; };
		46087B6B1F0B65F800CFE550 /* main.cpp */ = {isa = PBXFileReference; lastKnownFileType = sourcecode.cpp.cpp; path = main.cpp; sourceTree = "<group>"; };
		46087B721F0B661C00CFE550 /* TStack.cpp */ = {isa = PBXFileReference; fileEncoding = 4; lastKnownFileType = sourcecode.cpp.cpp; path = TStack.cpp; sourceTree = "<group>"; };
		46087B731F0B661C00CFE550 /* TStack.hpp */ = {isa = PBXFileReference; fileEncoding = 4; lastKnownFileType = sourcecode.cpp.h; path = TStack.hpp; sourceTree = "<group>"; };
/* End PBXFileReference section */

/* Begin PBXFrameworksBuildPhase section */
		46087B651F0B65F800CFE550 /* Frameworks */ = {
			isa = PBXFrameworksBuildPhase;
			buildActionMask = 2147483647;
			files = (
			);
			runOnlyForDeploymentPostprocessing = 0;
		};
/* End PBXFrameworksBuildPhase section */

/* Begin PBXGroup section */
		46087B5F1F0B65F800CFE550 = {
			isa = PBXGroup;
			children = (
				46087B6A1F0B65F800CFE550 /* 002BasicClassTemplates */,
				46087B691F0B65F800CFE550 /* Products */,
			);
			sourceTree = "<group>";
		};
		46087B691F0B65F800CFE550 /* Products */ = {
			isa = PBXGroup;
			children = (
				46087B681F0B65F800CFE550 /* 002BasicClassTemplates */,
			);
			name = Products;
			sourceTree = "<group>";
		};
		46087B6A1F0B65F800CFE550 /* 002BasicClassTemplates */ = {
			isa = PBXGroup;
			children = (
				46087B6B1F0B65F800CFE550 /* main.cpp */,
				46087B721F0B661C00CFE550 /* TStack.cpp */,
				46087B731F0B661C00CFE550 /* TStack.hpp */,
			);
			path = 002BasicClassTemplates;
			sourceTree = "<group>";
		};
/* End PBXGroup section */

/* Begin PBXNativeTarget section */
		46087B671F0B65F800CFE550 /* 002BasicClassTemplates */ = {
			isa = PBXNativeTarget;
			buildConfigurationList = 46087B6F1F0B65F800CFE550 /* Build configuration list for PBXNativeTarget "002BasicClassTemplates" */;
			buildPhases = (
				46087B641F0B65F800CFE550 /* Sources */,
				46087B651F0B65F800CFE550 /* Frameworks */,
				46087B661F0B65F800CFE550 /* CopyFiles */,
			);
			buildRules = (
			);
			dependencies = (
			);
			name = 002BasicClassTemplates;
			productName = 002BasicClassTemplates;
			productReference = 46087B681F0B65F800CFE550 /* 002BasicClassTemplates */;
			productType = "com.apple.product-type.tool";
		};
/* End PBXNativeTarget section */

/* Begin PBXProject section */
		46087B601F0B65F800CFE550 /* Project object */ = {
			isa = PBXProject;
			attributes = {
				LastUpgradeCheck = 0830;
				ORGANIZATIONNAME = "Amandeep Chawla";
				TargetAttributes = {
					46087B671F0B65F800CFE550 = {
						CreatedOnToolsVersion = 8.3.3;
						DevelopmentTeam = BD67A7E5ZZ;
						ProvisioningStyle = Automatic;
					};
				};
			};
			buildConfigurationList = 46087B631F0B65F800CFE550 /* Build configuration list for PBXProject "002BasicClassTemplates" */;
			compatibilityVersion = "Xcode 3.2";
			developmentRegion = English;
			hasScannedForEncodings = 0;
			knownRegions = (
				en,
			);
			mainGroup = 46087B5F1F0B65F800CFE550;
			productRefGroup = 46087B691F0B65F800CFE550 /* Products */;
			projectDirPath = "";
			projectRoot = "";
			targets = (
				46087B671F0B65F800CFE550 /* 002BasicClassTemplates */,
			);
		};
/* End PBXProject section */

/* Begin PBXSourcesBuildPhase section */
		46087B641F0B65F800CFE550 /* Sources */ = {
			isa = PBXSourcesBuildPhase;
			buildActionMask = 2147483647;
			files = (
				46087B6C1F0B65F800CFE550 /* main.cpp in Sources */,
				46087B741F0B661C00CFE550 /* TStack.cpp in Sources */,
			);
			runOnlyForDeploymentPostprocessing = 0;
		};
/* End PBXSourcesBuildPhase section */

/* Begin XCBuildConfiguration section */
		46087B6D1F0B65F800CFE550 /* Debug */ = {
			isa = XCBuildConfiguration;
			buildSettings = {
				ALWAYS_SEARCH_USER_PATHS = NO;
				CLANG_ANALYZER_NONNULL = YES;
				CLANG_ANALYZER_NUMBER_OBJECT_CONVERSION = YES_AGGRESSIVE;
				CLANG_CXX_LANGUAGE_STANDARD = "gnu++0x";
				CLANG_CXX_LIBRARY = "libc++";
				CLANG_ENABLE_MODULES = YES;
				CLANG_ENABLE_OBJC_ARC = YES;
				CLANG_WARN_BOOL_CONVERSION = YES;
				CLANG_WARN_CONSTANT_CONVERSION = YES;
				CLANG_WARN_DIRECT_OBJC_ISA_USAGE = YES_ERROR;
				CLANG_WARN_DOCUMENTATION_COMMENTS = YES;
				CLANG_WARN_EMPTY_BODY = YES;
				CLANG_WARN_ENUM_CONVERSION = YES;
				CLANG_WARN_INFINITE_RECURSION = YES;
				CLANG_WARN_INT_CONVERSION = YES;
				CLANG_WARN_OBJC_ROOT_CLASS = YES_ERROR;
				CLANG_WARN_SUSPICIOUS_MOVE = YES;
				CLANG_WARN_UNREACHABLE_CODE = YES;
				CLANG_WARN__DUPLICATE_METHOD_MATCH = YES;
				CODE_SIGN_IDENTITY = "-";
				COPY_PHASE_STRIP = NO;
				DEBUG_INFORMATION_FORMAT = dwarf;
				ENABLE_STRICT_OBJC_MSGSEND = YES;
				ENABLE_TESTABILITY = YES;
				GCC_C_LANGUAGE_STANDARD = gnu99;
				GCC_DYNAMIC_NO_PIC = NO;
				GCC_NO_COMMON_BLOCKS = YES;
				GCC_OPTIMIZATION_LEVEL = 0;
				GCC_PREPROCESSOR_DEFINITIONS = (
					"DEBUG=1",
					"$(inherited)",
				);
				GCC_WARN_64_TO_32_BIT_CONVERSION = YES;
				GCC_WARN_ABOUT_RETURN_TYPE = YES_ERROR;
				GCC_WARN_UNDECLARED_SELECTOR = YES;
				GCC_WARN_UNINITIALIZED_AUTOS = YES_AGGRESSIVE;
				GCC_WARN_UNUSED_FUNCTION = YES;
				GCC_WARN_UNUSED_VARIABLE = YES;
				MACOSX_DEPLOYMENT_TARGET = 10.12;
				MTL_ENABLE_DEBUG_INFO = YES;
				ONLY_ACTIVE_ARCH = YES;
				SDKROOT = macosx;
			};
			name = Debug;
		};
		46087B6E1F0B65F800CFE550 /* Release */ = {
			isa = XCBuildConfiguration;
			buildSettings = {
				ALWAYS_SEARCH_USER_PATHS = NO;
				CLANG_ANALYZER_NONNULL = YES;
				CLANG_ANALYZER_NUMBER_OBJECT_CONVERSION = YES_AGGRESSIVE;
				CLANG_CXX_LANGUAGE_STANDARD = "gnu++0x";
				CLANG_CXX_LIBRARY = "libc++";
				CLANG_ENABLE_MODULES = YES;
				CLANG_ENABLE_OBJC_ARC = YES;
				CLANG_WARN_BOOL_CONVERSION = YES;
				CLANG_WARN_CONSTANT_CONVERSION = YES;
				CLANG_WARN_DIRECT_OBJC_ISA_USAGE = YES_ERROR;
				CLANG_WARN_DOCUMENTATION_COMMENTS = YES;
				CLANG_WARN_EMPTY_BODY = YES;
				CLANG_WARN_ENUM_CONVERSION = YES;
				CLANG_WARN_INFINITE_RECURSION = YES;
				CLANG_WARN_INT_CONVERSION = YES;
				CLANG_WARN_OBJC_ROOT_CLASS = YES_ERROR;
				CLANG_WARN_SUSPICIOUS_MOVE = YES;
				CLANG_WARN_UNREACHABLE_CODE = YES;
				CLANG_WARN__DUPLICATE_METHOD_MATCH = YES;
				CODE_SIGN_IDENTITY = "-";
				COPY_PHASE_STRIP = NO;
				DEBUG_INFORMATION_FORMAT = "dwarf-with-dsym";
				ENABLE_NS_ASSERTIONS = NO;
				ENABLE_STRICT_OBJC_MSGSEND = YES;
				GCC_C_LANGUAGE_STANDARD = gnu99;
				GCC_NO_COMMON_BLOCKS = YES;
				GCC_WARN_64_TO_32_BIT_CONVERSION = YES;
				GCC_WARN_ABOUT_RETURN_TYPE = YES_ERROR;
				GCC_WARN_UNDECLARED_SELECTOR = YES;
				GCC_WARN_UNINITIALIZED_AUTOS = YES_AGGRESSIVE;
				GCC_WARN_UNUSED_FUNCTION = YES;
				GCC_WARN_UNUSED_VARIABLE = YES;
				MACOSX_DEPLOYMENT_TARGET = 10.12;
				MTL_ENABLE_DEBUG_INFO = NO;
				SDKROOT = macosx;
			};
			name = Release;
		};
		46087B701F0B65F800CFE550 /* Debug */ = {
			isa = XCBuildConfiguration;
			buildSettings = {
				DEVELOPMENT_TEAM = BD67A7E5ZZ;
				PRODUCT_NAME = "$(TARGET_NAME)";
			};
			name = Debug;
		};
		46087B711F0B65F800CFE550 /* Release */ = {
			isa = XCBuildConfiguration;
			buildSettings = {
				DEVELOPMENT_TEAM = BD67A7E5ZZ;
				PRODUCT_NAME = "$(TARGET_NAME)";
			};
			name = Release;
		};
/* End XCBuildConfiguration section */

/* Begin XCConfigurationList section */
		46087B631F0B65F800CFE550 /* Build configuration list for PBXProject "002BasicClassTemplates" */ = {
			isa = XCConfigurationList;
			buildConfigurations = (
				46087B6D1F0B65F800CFE550 /* Debug */,
				46087B6E1F0B65F800CFE550 /* Release */,
			);
			defaultConfigurationIsVisible = 0;
			defaultConfigurationName = Release;
		};
		46087B6F1F0B65F800CFE550 /* Build configuration list for PBXNativeTarget "002BasicClassTemplates" */ = {
			isa = XCConfigurationList;
			buildConfigurations = (
				46087B701F0B65F800CFE550 /* Debug */,
				46087B711F0B65F800CFE550 /* Release */,
			);
			defaultConfigurationIsVisible = 0;
		};
/* End XCConfigurationList section */
	};
	rootObject = 46087B601F0B65F800CFE550 /* Project object */;
}
